version = 1
revision = 3
requires-python = "==3.11.*"

[[package]]
name = "colorama"
version = "0.4.6"
source = { registry = "https://pypi.org/simple" }
sdist = { url = "https://files.pythonhosted.org/packages/d8/53/6f443c9a4a8358a93a6792e2acffb9d9d5cb0a5cfd8802644b7b1c9a02e4/colorama-0.4.6.tar.gz", hash = "sha256:08695f5cb7ed6e0531a20572697297273c47b8cae5a63ffc6d6ed5c201be6e44", size = 27697, upload-time = "2022-10-25T02:36:22.414Z" }
wheels = [
    { url = "https://files.pythonhosted.org/packages/d1/d6/3965ed04c63042e047cb6a3e6ed1a63a35087b6a609aa3a15ed8ac56c221/colorama-0.4.6-py2.py3-none-any.whl", hash = "sha256:4f1d9991f5acc0ca119f9d443620b77f9d6b33703e51011c16baf57afb285fc6", size = 25335, upload-time = "2022-10-25T02:36:20.889Z" },
]

[[package]]
name = "gpiod"
version = "2.5.0"
source = { registry = "https://pypi.org/simple" }
sdist = { url = "https://files.pythonhosted.org/packages/fc/c2/c7bc26965855f39ae3e1b09b404a1fdc3b172dac371012c316f5b9b6a314/gpiod-2.5.0.tar.gz", hash = "sha256:53ae5a1f14d6388c155b591ca0fc0cfa73b44d4f6d8d117e8a9e68f5902d187a", size = 75527, upload-time = "2026-06-17T07:46:25.985Z" }
wheels = [
    { url = "https://files.pythonhosted.org/packages/08/06/35e0b6b70b7b855ee06086e06a32a3dc73c69d9d653243a4c58be6f16b9f/gpiod-2.5.0-cp311-cp311-manylinux2014_aarch64.manylinux_2_17_aarch64.manylinux_2_28_aarch64.whl", hash = "sha256:52cd6b973a80c5db29f34f9a54205e88e91e40132fb8a85bccfa06634cb77deb", size = 115209, upload-time = "2026-06-17T07:46:01.798Z" },
    { url = "https://files.pythonhosted.org/packages/43/ec/207ed0d0a34f62ae0bdb3af2e18b1cad07cd4d2d2d71071c723b44450676/gpiod-2.5.0-cp311-cp311-manylinux2014_x86_64.manylinux_2_17_x86_64.manylinux_2_28_x86_64.whl", hash = "sha256:58c0945700df37a595eaad7016775b2ac5877246be78013c03e139ec5d64f4b1", size = 114694, upload-time = "2026-06-17T07:46:02.9Z" },
    { url = "https://files.pythonhosted.org/packages/4b/9a/b5e9a741bcff50be3b61306501fc15d1e760983eb287820c500d93e6fae2/gpiod-2.5.0-cp311-cp311-musllinux_1_2_aarch64.whl", hash = "sha256:471daff511e4df27e6f2b4e812c8f2a3ee9b7dd376e22d720c0fe8da07b757e7", size = 113261, upload-time = "2026-06-17T07:46:04.17Z" },
    { url = "https://files.pythonhosted.org/packages/b7/b3/3817ecb7415f284b7d2f51bcc545eabf490b6f103f13914290ba2b6c916f/gpiod-2.5.0-cp311-cp311-musllinux_1_2_x86_64.whl", hash = "sha256:26e2a98902222c1444d05d2f0a67a40c064514210eaf997f49ace93144a516c9", size = 112890, upload-time = "2026-06-17T07:46:05.476Z" },
]

[[package]]
name = "iniconfig"
version = "2.1.0"
source = { registry = "https://pypi.org/simple" }
sdist = { url = "https://files.pythonhosted.org/packages/f2/97/ebf4da567aa6827c909642694d71c9fcf53e5b504f2d96afea02718862f3/iniconfig-2.1.0.tar.gz", hash = "sha256:3abbd2e30b36733fee78f9c7f7308f2d0050e88f0087fd25c2645f63c773e1c7", size = 4793, upload-time = "2025-03-19T20:09:59.721Z" }
wheels = [
    { url = "https://files.pythonhosted.org/packages/2c/e1/e6716421ea10d38022b952c159d5161ca1193197fb744506875fbb87ea7b/iniconfig-2.1.0-py3-none-any.whl", hash = "sha256:9deba5723312380e77435581c6bf4935c94cbfab9b1ed33ef8d238ea168eb760", size = 6050, upload-time = "2025-03-19T20:10:01.071Z" },
]

[[package]]
name = "kradio"
version = "1.0.0"
source = { virtual = "." }
dependencies = [
    { name = "gpiod" },
    { name = "smbus2" },
]

[package.dev-dependencies]
dev = [
    { name = "mock" },
    { name = "mypy" },
    { name = "pytest" },
]

[package.metadata]
requires-dist = [
    { name = "gpiod", specifier = ">=2.0.0" },
    { name = "smbus2", specifier = "~=0.4.3" },
]

[package.metadata.requires-dev]
dev = [
    { name = "mock", specifier = ">=5.1.0" },
    { name = "mypy", specifier = ">=1.11.0" },
    { name = "pytest", specifier = ">=7.4.4" },
]

[[package]]
name = "librt"
version = "0.12.0"
source = { registry = "https://pypi.org/simple" }
sdist = { url = "https://files.pythonhosted.org/packages/c6/e0/dbd0f2a68a1c1a1991eb7921ff6014465d56608cdc9a9fb468a616210a37/librt-0.12.0.tar.gz", hash = "sha256:cb26faedbd09c6130e9c1b64d8000efec5076ffd18d606c6cd1cf02730e6d8b0", size = 203841, upload-time = "2026-06-30T16:14:29.671Z" }
wheels = [
    { url = "https://files.pythonhosted.org/packages/9e/ab/628490f42d1eba82f3c7e5821aa62013e6df7f525b7a9e92c048f8d1cc1c/librt-0.12.0-cp311-cp311-macosx_10_9_x86_64.whl", hash = "sha256:3f13c1e8563102c2b17581cf37fcb2c6dae7ad485ccea93ae46258998c25f9a1", size = 143821, upload-time = "2026-06-30T16:12:23.248Z" },
    { url = "https://files.pythonhosted.org/packages/38/5f/793e8b6f4b6ac16e7d7198478c0af3670606fbb535c768d5f3e954781423/librt-0.12.0-cp311-cp311-macosx_11_0_arm64.whl", hash = "sha256:d1ddff067610a122387024c4df527493b909d41e54a6e5b2d0e6c1041d6dfa09", size = 148442, upload-time = "2026-06-30T16:12:24.582Z" },
    { url = "https://files.pythonhosted.org/packages/ad/92/c780fe37a9e0982f3bd8fd9a631d6b95d09a5a7201c6c50366ce843b7e42/librt-0.12.0-cp311-cp311-manylinux2014_aarch64.manylinux_2_17_aarch64.manylinux_2_28_aarch64.whl", hash = "sha256:c8dc7ebb5f3eec062398e9d0ef1938acd21b589e74286c4a8906d0183318d91b", size = 478276, upload-time = "2026-06-30T16:12:26.101Z" },
    { url = "https://files.pythonhosted.org/packages/41/bb/226d444bc20d7dff4a19ec6c1ff2c13a76385eebddb59c9c00c923b67536/librt-0.12.0-cp311-cp311-manylinux2014_i686.manylinux_2_17_i686.manylinux_2_28_i686.whl", hash = "sha256:198de569ea9d5f6f33808f1c00cc3db9de62bf4d6deafa3b052bd08255083038", size = 472337, upload-time = "2026-06-30T16:12:27.83Z" },
    { url = "https://files.pythonhosted.org/packages/12/79/98ac0840ee90a75d4e1155c79062860b12ccca508587ff2119fc086965f2/librt-0.12.0-cp311-cp311-manylinux2014_x86_64.manylinux_2_17_x86_64.manylinux_2_28_x86_64.whl", hash = "sha256:e958678a8bca56016aedc891b391c0e0813ea382a874b54a2c1b313c1d232720", size = 502087, upload-time = "2026-06-30T16:12:29.443Z" },
    { url = "https://files.pythonhosted.org/packages/6f/72/a6b1a0d080606a7f5f646b79a1496f21d709f8563877759ace9ce5adad73/librt-0.12.0-cp311-cp311-manylinux_2_34_riscv64.manylinux_2_39_riscv64.whl", hash = "sha256:575a6eca68c8437ed4a8e0f534e31d74b562ba1049a0ee4b5f09e114bcc21be1", size = 493202, upload-time = "2026-06-30T16:12:31.077Z" },
    { url = "https://files.pythonhosted.org/packages/69/cf/e1b036b45f2fc272205ee18bf272b47e8d684bf1a75af26db440c7504359/librt-0.12.0-cp311-cp311-musllinux_1_2_aarch64.whl", hash = "sha256:86f241c50dc9e9a3f0db6dbb37a607c8205aa87b920802dabbd50b70d40f6939", size = 514139, upload-time = "2026-06-30T16:12:33.032Z" },
    { url = "https://files.pythonhosted.org/packages/40/34/b193b3e6985469a2f8afa86c90012329c86480b6ff4f2e4bd7b5b937e134/librt-0.12.0-cp311-cp311-musllinux_1_2_i686.whl", hash = "sha256:113417b934fbf38220a9c7fe94578cefbe7dbb047adcb75aa197905af2b13724", size = 519486, upload-time = "2026-06-30T16:12:34.996Z" },
    { url = "https://files.pythonhosted.org/packages/31/9e/7de4947b1695f247c813f833e3c1e7b77b52e52a7dba2c35411cf806b58e/librt-0.12.0-cp311-cp311-musllinux_1_2_riscv64.whl", hash = "sha256:762f17c0eb6b5d74e269126996cea8a89e35ab6464c5151619163abcd8623ae2", size = 499609, upload-time = "2026-06-30T16:12:36.663Z" },
    { url = "https://files.pythonhosted.org/packages/59/11/f3730e04e758b1fbf215359062ad2d5b6bd0b0ab5ac46b1c140628795be7/librt-0.12.0-cp311-cp311-musllinux_1_2_x86_64.whl", hash = "sha256:6aa93b3bd7f7588c628f6e9bf66485d3467fd9a1ccdb8975b770178f39f35697", size = 542205, upload-time = "2026-06-30T16:12:38.56Z" },
    { url = "https://files.pythonhosted.org/packages/1f/8f/710453617eabe20e18433864f335534c8aff63fbc68d8cd9dbc70a3d08f6/librt-0.12.0-cp311-cp311-win32.whl", hash = "sha256:aaa04b44d4fe86d824616b1f9c13e34c7c01ec0c96dd2abc4f59423696f788e2", size = 98067, upload-time = "2026-06-30T16:12:40.102Z" },
    { url = "https://files.pythonhosted.org/packages/42/53/401bff50a56e95daf151d911c99adf5732af2190e8f4d11886c9a229103c/librt-0.12.0-cp311-cp311-win_amd64.whl", hash = "sha256:9aaeeddb8e7e4ae3bb9f944e0e618418cb91c0071d5ddbfcc3584b3cf59d39f0", size = 118346, upload-time = "2026-06-30T16:12:41.388Z" },
    { url = "https://files.pythonhosted.org/packages/e5/9a/a3a9078fe88bfc2d2d99dcf1c18593938ae830089cf84c3b2532a6c49d63/librt-0.12.0-cp311-cp311-win_arm64.whl", hash = "sha256:18a2402fa3123ab76ecca670e6fb33038fde7c1e91181b885226ec4d30af2c2c", size = 104760, upload-time = "2026-06-30T16:12:43.112Z" },
]

[[package]]
name = "mock"
version = "5.2.0"
source = { registry = "https://pypi.org/simple" }
sdist = { url = "https://files.pythonhosted.org/packages/07/8c/14c2ae915e5f9dca5a22edd68b35be94400719ccfa068a03e0fb63d0f6f6/mock-5.2.0.tar.gz", hash = "sha256:4e460e818629b4b173f32d08bf30d3af8123afbb8e04bb5707a1fd4799e503f0", size = 92796, upload-time = "2025-03-03T12:31:42.911Z" }
wheels = [
    { url = "https://files.pythonhosted.org/packages/bd/d9/617e6af809bf3a1d468e0d58c3997b1dc219a9a9202e650d30c2fc85d481/mock-5.2.0-py3-none-any.whl", hash = "sha256:7ba87f72ca0e915175596069dbbcc7c75af7b5e9b9bc107ad6349ede0819982f", size = 31617, upload-time = "2025-03-03T12:31:41.518Z" },
]

[[package]]
name = "mypy"
version = "1.19.1"
source = { registry = "https://pypi.org/simple" }
dependencies = [
    { name = "librt", marker = "platform_python_implementation != 'PyPy'" },
    { name = "mypy-extensions" },
    { name = "pathspec" },
    { name = "typing-extensions" },
]
sdist = { url = "https://files.pythonhosted.org/packages/f5/db/4efed9504bc01309ab9c2da7e352cc223569f05478012b5d9ece38fd44d2/mypy-1.19.1.tar.gz", hash = "sha256:19d88bb05303fe63f71dd2c6270daca27cb9401c4ca8255fe50d1d920e0eb9ba", size = 3582404, upload-time = "2025-12-15T05:03:48.42Z" }
wheels = [
    { url = "https://files.pythonhosted.org/packages/ef/47/6b3ebabd5474d9cdc170d1342fbf9dddc1b0ec13ec90bf9004ee6f391c31/mypy-1.19.1-cp311-cp311-macosx_10_9_x86_64.whl", hash = "sha256:d8dfc6ab58ca7dda47d9237349157500468e404b17213d44fc1cb77bce532288", size = 13028539, upload-time = "2025-12-15T05:03:44.129Z" },
    { url = "https://files.pythonhosted.org/packages/5c/a6/ac7c7a88a3c9c54334f53a941b765e6ec6c4ebd65d3fe8cdcfbe0d0fd7db/mypy-1.19.1-cp311-cp311-macosx_11_0_arm64.whl", hash = "sha256:e3f276d8493c3c97930e354b2595a44a21348b320d859fb4a2b9f66da9ed27ab", size = 12083163, upload-time = "2025-12-15T05:03:37.679Z" },
    { url = "https://files.pythonhosted.org/packages/67/af/3afa9cf880aa4a2c803798ac24f1d11ef72a0c8079689fac5cfd815e2830/mypy-1.19.1-cp311-cp311-manylinux2014_aarch64.manylinux_2_17_aarch64.manylinux_2_28_aarch64.whl", hash = "sha256:2abb24cf3f17864770d18d673c85235ba52456b36a06b6afc1e07c1fdcd3d0e6", size = 12687629, upload-time = "2025-12-15T05:02:31.526Z" },
    { url = "https://files.pythonhosted.org/packages/2d/46/20f8a7114a56484ab268b0ab372461cb3a8f7deed31ea96b83a4e4cfcfca/mypy-1.19.1-cp311-cp311-manylinux2014_x86_64.manylinux_2_17_x86_64.manylinux_2_28_x86_64.whl", hash = "sha256:a009ffa5a621762d0c926a078c2d639104becab69e79538a494bcccb62cc0331", size = 13436933, upload-time = "2025-12-15T05:03:15.606Z" },
    { url = "https://files.pythonhosted.org/packages/5b/f8/33b291ea85050a21f15da910002460f1f445f8007adb29230f0adea279cb/mypy-1.19.1-cp311-cp311-musllinux_1_2_x86_64.whl", hash = "sha256:f7cee03c9a2e2ee26ec07479f38ea9c884e301d42c6d43a19d20fb014e3ba925", size = 13661754, upload-time = "2025-12-15T05:02:26.731Z" },
    { url = "https://files.pythonhosted.org/packages/fd/a3/47cbd4e85bec4335a9cd80cf67dbc02be21b5d4c9c23ad6b95d6c5196bac/mypy-1.19.1-cp311-cp311-win_amd64.whl", hash = "sha256:4b84a7a18f41e167f7995200a1d07a4a6810e89d29859df936f1c3923d263042", size = 10055772, upload-time = "2025-12-15T05:03:26.179Z" },
    { url = "https://files.pythonhosted.org/packages/8d/f4/4ce9a05ce5ded1de3ec1c1d96cf9f9504a04e54ce0ed55cfa38619a32b8d/mypy-1.19.1-py3-none-any.whl", hash = "sha256:f1235f5ea01b7db5468d53ece6aaddf1ad0b88d9e7462b86ef96fe04995d7247", size = 2471239, upload-time = "2025-12-15T05:03:07.248Z" },
]

[[package]]
name = "mypy-extensions"
version = "1.1.0"
source = { registry = "https://pypi.org/simple" }
sdist = { url = "https://files.pythonhosted.org/packages/a2/6e/371856a3fb9d31ca8dac321cda606860fa4548858c0cc45d9d1d4ca2628b/mypy_extensions-1.1.0.tar.gz", hash = "sha256:52e68efc3284861e772bbcd66823fde5ae21fd2fdb51c62a211403730b916558", size = 6343, upload-time = "2025-04-22T14:54:24.164Z" }
wheels = [
    { url = "https://files.pythonhosted.org/packages/79/7b/2c79738432f5c924bef5071f933bcc9efd0473bac3b4aa584a6f7c1c8df8/mypy_extensions-1.1.0-py3-none-any.whl", hash = "sha256:1be4cccdb0f2482337c4743e60421de3a356cd97508abadd57d47403e94f5505", size = 4963, upload-time = "2025-04-22T14:54:22.983Z" },
]

[[package]]
name = "packaging"
version = "26.2"
source = { registry = "https://pypi.org/simple" }
sdist = { url = "https://files.pythonhosted.org/packages/d7/f1/e7a6dd94a8d4a5626c03e4e99c87f241ba9e350cd9e6d75123f992427270/packaging-26.2.tar.gz", hash = "sha256:ff452ff5a3e828ce110190feff1178bb1f2ea2281fa2075aadb987c2fb221661", size = 228134, upload-time = "2026-04-24T20:15:23.917Z" }
wheels = [
    { url = "https://files.pythonhosted.org/packages/df/b2/87e62e8c3e2f4b32e5fe99e0b86d576da1312593b39f47d8ceef365e95ed/packaging-26.2-py3-none-any.whl", hash = "sha256:5fc45236b9446107ff2415ce77c807cee2862cb6fac22b8a73826d0693b0980e", size = 100195, upload-time = "2026-04-24T20:15:22.081Z" },
]

[[package]]
name = "pathspec"
version = "1.1.1"
source = { registry = "https://pypi.org/simple" }
sdist = { url = "https://files.pythonhosted.org/packages/5a/82/42f767fc1c1143d6fd36efb827202a2d997a375e160a71eb2888a925aac1/pathspec-1.1.1.tar.gz", hash = "sha256:17db5ecd524104a120e173814c90367a96a98d07c45b2e10c2f3919fff91bf5a", size = 135180, upload-time = "2026-04-27T01:46:08.907Z" }
wheels = [
    { url = "https://files.pythonhosted.org/packages/f1/d9/7fb5aa316bc299258e68c73ba3bddbc499654a07f151cba08f6153988714/pathspec-1.1.1-py3-none-any.whl", hash = "sha256:a00ce642f577bf7f473932318056212bc4f8bfdf53128c78bbd5af0b9b20b189", size = 57328, upload-time = "2026-04-27T01:46:07.06Z" },
]

[[package]]
name = "pluggy"
version = "1.6.0"
source = { registry = "https://pypi.org/simple" }
sdist = { url = "https://files.pythonhosted.org/packages/f9/e2/3e91f31a7d2b083fe6ef3fa267035b518369d9511ffab804f839851d2779/pluggy-1.6.0.tar.gz", hash = "sha256:7dcc130b76258d33b90f61b658791dede3486c3e6bfb003ee5c9bfb396dd22f3", size = 69412, upload-time = "2025-05-15T12:30:07.975Z" }
wheels = [
    { url = "https://files.pythonhosted.org/packages/54/20/4d324d65cc6d9205fabedc306948156824eb9f0ee1633355a8f7ec5c66bf/pluggy-1.6.0-py3-none-any.whl", hash = "sha256:e920276dd6813095e9377c0bc5566d94c932c33b27a3e3945d8389c374dd4746", size = 20538, upload-time = "2025-05-15T12:30:06.134Z" },
]

[[package]]
name = "pygments"
version = "2.20.0"
source = { registry = "https://pypi.org/simple" }
sdist = { url = "https://files.pythonhosted.org/packages/c3/b2/bc9c9196916376152d655522fdcebac55e66de6603a76a02bca1b6414f6c/pygments-2.20.0.tar.gz", hash = "sha256:6757cd03768053ff99f3039c1a36d6c0aa0b263438fcab17520b30a303a82b5f", size = 4955991, upload-time = "2026-03-29T13:29:33.898Z" }
wheels = [
    { url = "https://files.pythonhosted.org/packages/f4/7e/a72dd26f3b0f4f2bf1dd8923c85f7ceb43172af56d63c7383eb62b332364/pygments-2.20.0-py3-none-any.whl", hash = "sha256:81a9e26dd42fd28a23a2d169d86d7ac03b46e2f8b59ed4698fb4785f946d0176", size = 1231151, upload-time = "2026-03-29T13:29:30.038Z" },
]

[[package]]
name = "pytest"
version = "8.4.2"
source = { registry = "https://pypi.org/simple" }
dependencies = [
    { name = "colorama", marker = "sys_platform == 'win32'" },
    { name = "iniconfig" },
    { name = "packaging" },
    { name = "pluggy" },
    { name = "pygments" },
]
sdist = { url = "https://files.pythonhosted.org/packages/a3/5c/00a0e072241553e1a7496d638deababa67c5058571567b92a7eaa258397c/pytest-8.4.2.tar.gz", hash = "sha256:86c0d0b93306b961d58d62a4db4879f27fe25513d4b969df351abdddb3c30e01", size = 1519618, upload-time = "2025-09-04T14:34:22.711Z" }
wheels = [
    { url = "https://files.pythonhosted.org/packages/a8/a4/20da314d277121d6534b3a980b29035dcd51e6744bd79075a6ce8fa4eb8d/pytest-8.4.2-py3-none-any.whl", hash = "sha256:872f880de3fc3a5bdc88a11b39c9710c3497a547cfa9320bc3c5e62fbf272e79", size = 365750, upload-time = "2025-09-04T14:34:20.226Z" },
]

[[package]]
name = "smbus2"
version = "0.4.3"
source = { registry = "https://pypi.org/simple" }
sdist = { url = "https://files.pythonhosted.org/packages/98/17/9663936e52a348b3ad1c85e6ca6071d2abf00a5f64f2df50bec8dcca6e16/smbus2-0.4.3.tar.gz", hash = "sha256:36f2288a8e1a363cb7a7b2244ec98d880eb5a728a2494ac9c71e9de7bf6a803a", size = 16801, upload-time = "2023-08-25T19:55:24.099Z" }
wheels = [
    { url = "https://files.pythonhosted.org/packages/d6/5b/3ada173f07b4ec9bfa03b779e59ecada48eb7cb1a29f51cfce70edce7f3f/smbus2-0.4.3-py2.py3-none-any.whl", hash = "sha256:a2fc29cfda4081ead2ed61ef2c4fc041d71dd40a8d917e85216f44786fca2d1d", size = 11553, upload-time = "2023-08-25T19:55:23.17Z" },
]

[[package]]
name = "typing-extensions"
version = "4.16.0"
source = { registry = "https://pypi.org/simple" }
sdist = { url = "https://files.pythonhosted.org/packages/f6/cc/6253133b5bb138fc3306cebfbda2c520f545d36b5be2c7255cc528bb45d6/typing_extensions-4.16.0.tar.gz", hash = "sha256:dc983d19a509c94dba722ee6abd33940f7c05a89e243c47e907eb4db6f1a43e5", size = 113555, upload-time = "2026-07-02T08:40:05.92Z" }
wheels = [
    { url = "https://files.pythonhosted.org/packages/49/d3/b8441a820a491ddfc024b0b0cf0393375b75ea13866d9c66727e54c2fc80/typing_extensions-4.16.0-py3-none-any.whl", hash = "sha256:481caa481374e813c1b176ada14e97f1f67a4539ce9cfeb3f350d78d6370c2e8", size = 45571, upload-time = "2026-07-02T08:40:04.659Z" },
]
